
Microsoft Visual Studio Solution File, Format Version 12.00
# Visual Studio Version 17
VisualStudioVersion = 17.0.32112.339
MinimumVisualStudioVersion = 10.0.40219.1
Project("{9A19103F-16F7-4668-BE54-9A1E7A4F7556}") = "calculadora", "calculadora.csproj", "{3C3F6906-A2DB-4C4F-8308-09FD3504584A}"
EndProject
Project("{FAE04EC0-301F-11D3-BF4B-00C04F79EFBC}") = "TestUnitariosCalculadora", "..\TestUnitariosCalculadora\TestUnitariosCalculadora.csproj", "{9A78EE39-F5B0-44C6-8B1B-FA52919309BE}"
EndProject
Global
	GlobalSection(SolutionConfigurationPlatforms) = preSolution
		Debug|Any CPU = Debug|Any CPU
		Release|Any CPU = Release|Any CPU
	EndGlobalSection
	GlobalSection(ProjectConfigurationPlatforms) = postSolution
		{3C3F6906-A2DB-4C4F-8308-09FD3504584A}.Debug|Any CPU.ActiveCfg = Debug|Any CPU
		{3C3F6906-A2DB-4C4F-8308-09FD3504584A}.Debug|Any CPU.Build.0 = Debug|Any CPU
		{3C3F6906-A2DB-4C4F-8308-09FD3504584A}.Release|Any CPU.ActiveCfg = Release|Any CPU
		{3C3F6906-A2DB-4C4F-8308-09FD3504584A}.Release|Any CPU.Build.0 = Release|Any CPU
		{9A78EE39-F5B0-44C6-8B1B-FA52919309BE}.Debug|Any CPU.ActiveCfg = Debug|Any CPU
		{9A78EE39-F5B0-44C6-8B1B-FA52919309BE}.Debug|Any CPU.Build.0 = Debug|Any CPU
		{9A78EE39-F5B0-44C6-8B1B-FA52919309BE}.Release|Any CPU.ActiveCfg = Release|Any CPU
		{9A78EE39-F5B0-44C6-8B1B-FA52919309BE}.Release|Any CPU.Build.0 = Release|Any CPU
	EndGlobalSection
	GlobalSection(SolutionProperties) = preSolution
		HideSolutionNode = FALSE
	EndGlobalSection
	GlobalSection(ExtensibilityGlobals) = postSolution
		SolutionGuid = {0FC09BC9-173D-4692-A9A2-15670F06FF35}
	EndGlobalSection
EndGlobal
